// !$*UTF8*$!
{
	archiveVersion = 1;
	classes = {
	};
	objectVersion = 46;
	objects = {

/* Begin PBXBuildFile section */
		3F3019961C98902C003EFA70 /* AppDelegate.swift in Sources */ = {isa = PBXBuildFile; fileRef = 3F3019951C98902C003EFA70 /* AppDelegate.swift */; };
		3F3019981C98902C003EFA70 /* ViewController.swift in Sources */ = {isa = PBXBuildFile; fileRef = 3F3019971C98902C003EFA70 /* ViewController.swift */; };
		3F30199B1C98902C003EFA70 /* Main.storyboard in Resources */ = {isa = PBXBuildFile; fileRef = 3F3019991C98902C003EFA70 /* Main.storyboard */; };
		3F30199D1C98902C003EFA70 /* Assets.xcassets in Resources */ = {isa = PBXBuildFile; fileRef = 3F30199C1C98902C003EFA70 /* Assets.xcassets */; };
		3F3019A01C98902C003EFA70 /* LaunchScreen.storyboard in Resources */ = {isa = PBXBuildFile; fileRef = 3F30199E1C98902C003EFA70 /* LaunchScreen.storyboard */; };
		3F3019A81C989614003EFA70 /* Jokes.swift in Sources */ = {isa = PBXBuildFile; fileRef = 3F3019A71C989614003EFA70 /* Jokes.swift */; };
		3F3019AD1C989ADA003EFA70 /* Astro.png in Resources */ = {isa = PBXBuildFile; fileRef = 3F3019A91C989ADA003EFA70 /* Astro.png */; };
		3F3019AE1C989ADA003EFA70 /* Fluffy.png in Resources */ = {isa = PBXBuildFile; fileRef = 3F3019AA1C989ADA003EFA70 /* Fluffy.png */; };
		3F3019AF1C989ADA003EFA70 /* Munchie.png in Resources */ = {isa = PBXBuildFile; fileRef = 3F3019AB1C989ADA003EFA70 /* Munchie.png */; };
		3F3019B01C989ADA003EFA70 /* Squido.png in Resources */ = {isa = PBXBuildFile; fileRef = 3F3019AC1C989ADA003EFA70 /* Squido.png */; };
		3FCAC99A1C9B362E0018870C /* NewViewController.swift in Sources */ = {isa = PBXBuildFile; fileRef = 3FCAC9991C9B362E0018870C /* NewViewController.swift */; };
/* End PBXBuildFile section */

/* Begin PBXFileReference section */
		3F3019921C98902C003EFA70 /* FirstiOSApp.app */ = {isa = PBXFileReference; explicitFileType = wrapper.application; includeInIndex = 0; path = FirstiOSApp.app; sourceTree = BUILT_PRODUCTS_DIR; };
		3F3019951C98902C003EFA70 /* AppDelegate.swift */ = {isa = PBXFileReference; lastKnownFileType = sourcecode.swift; path = AppDelegate.swift; sourceTree = "<group>"; };
		3F3019971C98902C003EFA70 /* ViewController.swift */ = {isa = PBXFileReference; lastKnownFileType = sourcecode.swift; path = ViewController.swift; sourceTree = "<group>"; };
		3F30199A1C98902C003EFA70 /* Base */ = {isa = PBXFileReference; lastKnownFileType = file.storyboard; name = Base; path = Base.lproj/Main.storyboard; sourceTree = "<group>"; };
		3F30199C1C98902C003EFA70 /* Assets.xcassets */ = {isa = PBXFileReference; lastKnownFileType = folder.assetcatalog; path = Assets.xcassets; sourceTree = "<group>"; };
		3F30199F1C98902C003EFA70 /* Base */ = {isa = PBXFileReference; lastKnownFileType = file.storyboard; name = Base; path = Base.lproj/LaunchScreen.storyboard; sourceTree = "<group>"; };
		3F3019A11C98902C003EFA70 /* Info.plist */ = {isa = PBXFileReference; lastKnownFileType = text.plist.xml; path = Info.plist; sourceTree = "<group>"; };
		3F3019A71C989614003EFA70 /* Jokes.swift */ = {isa = PBXFileReference; fileEncoding = 4; lastKnownFileType = sourcecode.swift; path = Jokes.swift; sourceTree = "<group>"; };
		3F3019A91C989ADA003EFA70 /* Astro.png */ = {isa = PBXFileReference; lastKnownFileType = image.png; path = Astro.png; sourceTree = "<group>"; };
		3F3019AA1C989ADA003EFA70 /* Fluffy.png */ = {isa = PBXFileReference; lastKnownFileType = image.png; path = Fluffy.png; sourceTree = "<group>"; };
		3F3019AB1C989ADA003EFA70 /* Munchie.png */ = {isa = PBXFileReference; lastKnownFileType = image.png; path = Munchie.png; sourceTree = "<group>"; };
		3F3019AC1C989ADA003EFA70 /* Squido.png */ = {isa = PBXFileReference; lastKnownFileType = image.png; path = Squido.png; sourceTree = "<group>"; };
		3FCAC9991C9B362E0018870C /* NewViewController.swift */ = {isa = PBXFileReference; fileEncoding = 4; lastKnownFileType = sourcecode.swift; path = NewViewController.swift; sourceTree = "<group>"; };
/* End PBXFileReference section */

/* Begin PBXFrameworksBuildPhase section */
		3F30198F1C98902C003EFA70 /* Frameworks */ = {
			isa = PBXFrameworksBuildPhase;
			buildActionMask = 2147483647;
			files = (
			);
			runOnlyForDeploymentPostprocessing = 0;
		};
/* End PBXFrameworksBuildPhase section */

/* Begin PBXGroup section */
		3F3019891C98902C003EFA70 = {
			isa = PBXGroup;
			children = (
				3F3019941C98902C003EFA70 /* FirstiOSApp */,
				3F3019931C98902C003EFA70 /* Products */,
			);
			sourceTree = "<group>";
		};
		3F3019931C98902C003EFA70 /* Products */ = {
			isa = PBXGroup;
			children = (
				3F3019921C98902C003EFA70 /* FirstiOSApp.app */,
			);
			name = Products;
			sourceTree = "<group>";
		};
		3F3019941C98902C003EFA70 /* FirstiOSApp */ = {
			isa = PBXGroup;
			children = (
				3F3019951C98902C003EFA70 /* AppDelegate.swift */,
				3F3019971C98902C003EFA70 /* ViewController.swift */,
				3F3019991C98902C003EFA70 /* Main.storyboard */,
				3FCAC9991C9B362E0018870C /* NewViewController.swift */,
				3F30199C1C98902C003EFA70 /* Assets.xcassets */,
				3F30199E1C98902C003EFA70 /* LaunchScreen.storyboard */,
				3F3019A11C98902C003EFA70 /* Info.plist */,
				3F3019A71C989614003EFA70 /* Jokes.swift */,
				3F3019A91C989ADA003EFA70 /* Astro.png */,
				3F3019AA1C989ADA003EFA70 /* Fluffy.png */,
				3F3019AB1C989ADA003EFA70 /* Munchie.png */,
				3F3019AC1C989ADA003EFA70 /* Squido.png */,
			);
			path = FirstiOSApp;
			sourceTree = "<group>";
		};
/* End PBXGroup section */

/* Begin PBXNativeTarget section */
		3F3019911C98902C003EFA70 /* FirstiOSApp */ = {
			isa = PBXNativeTarget;
			buildConfigurationList = 3F3019A41C98902C003EFA70 /* Build configuration list for PBXNativeTarget "FirstiOSApp" */;
			buildPhases = (
				3F30198E1C98902C003EFA70 /* Sources */,
				3F30198F1C98902C003EFA70 /* Frameworks */,
				3F3019901C98902C003EFA70 /* Resources */,
			);
			buildRules = (
			);
			dependencies = (
			);
			name = FirstiOSApp;
			productName = FirstiOSApp;
			productReference = 3F3019921C98902C003EFA70 /* FirstiOSApp.app */;
			productType = "com.apple.product-type.application";
		};
/* End PBXNativeTarget section */

/* Begin PBXProject section */
		3F30198A1C98902C003EFA70 /* Project object */ = {
			isa = PBXProject;
			attributes = {
				LastSwiftUpdateCheck = 0720;
				LastUpgradeCheck = 0720;
				ORGANIZATIONNAME = Aquino;
				TargetAttributes = {
					3F3019911C98902C003EFA70 = {
						CreatedOnToolsVersion = 7.2;
					};
				};
			};
			buildConfigurationList = 3F30198D1C98902C003EFA70 /* Build configuration list for PBXProject "FirstiOSApp" */;
			compatibilityVersion = "Xcode 3.2";
			developmentRegion = English;
			hasScannedForEncodings = 0;
			knownRegions = (
				en,
				Base,
			);
			mainGroup = 3F3019891C98902C003EFA70;
			productRefGroup = 3F3019931C98902C003EFA70 /* Products */;
			projectDirPath = "";
			projectRoot = "";
			targets = (
				3F3019911C98902C003EFA70 /* FirstiOSApp */,
			);
		};
/* End PBXProject section */

/* Begin PBXResourcesBuildPhase section */
		3F3019901C98902C003EFA70 /* Resources */ = {
			isa = PBXResourcesBuildPhase;
			buildActionMask = 2147483647;
			files = (
				3F3019A01C98902C003EFA70 /* LaunchScreen.storyboard in Resources */,
				3F3019AF1C989ADA003EFA70 /* Munchie.png in Resources */,
				3F3019AE1C989ADA003EFA70 /* Fluffy.png in Resources */,
				3F3019AD1C989ADA003EFA70 /* Astro.png in Resources */,
				3F30199D1C98902C003EFA70 /* Assets.xcassets in Resources */,
				3F30199B1C98902C003EFA70 /* Main.storyboard in Resources */,
				3F3019B01C989ADA003EFA70 /* Squido.png in Resources */,
			);
			runOnlyForDeploymentPostprocessing = 0;
		};
/* End PBXResourcesBuildPhase section */

/* Begin PBXSourcesBuildPhase section */
		3F30198E1C98902C003EFA70 /* Sources */ = {
			isa = PBXSourcesBuildPhase;
			buildActionMask = 2147483647;
			files = (
				3F3019981C98902C003EFA70 /* ViewController.swift in Sources */,
				3F3019A81C989614003EFA70 /* Jokes.swift in Sources */,
				3F3019961C98902C003EFA70 /* AppDelegate.swift in Sources */,
				3FCAC99A1C9B362E0018870C /* NewViewController.swift in Sources */,
			);
			runOnlyForDeploymentPostprocessing = 0;
		};
/* End PBXSourcesBuildPhase section */

/* Begin PBXVariantGroup section */
		3F3019991C98902C003EFA70 /* Main.storyboard */ = {
			isa = PBXVariantGroup;
			children = (
				3F30199A1C98902C003EFA70 /* Base */,
			);
			name = Main.storyboard;
			sourceTree = "<group>";
		};
		3F30199E1C98902C003EFA70 /* LaunchScreen.storyboard */ = {
			isa = PBXVariantGroup;
			children = (
				3F30199F1C98902C003EFA70 /* Base */,
			);
			name = LaunchScreen.storyboard;
			sourceTree = "<group>";
		};
/* End PBXVariantGroup section */

/* Begin XCBuildConfiguration section */
		3F3019A21C98902C003EFA70 /* Debug */ = {
			isa = XCBuildConfiguration;
			buildSettings = {
				ALWAYS_SEARCH_USER_PATHS = NO;
				CLANG_CXX_LANGUAGE_STANDARD = "gnu++0x";
				CLANG_CXX_LIBRARY = "libc++";
				CLANG_ENABLE_MODULES = YES;
				CLANG_ENABLE_OBJC_ARC = YES;
				CLANG_WARN_BOOL_CONVERSION = YES;
				CLANG_WARN_CONSTANT_CONVERSION = YES;
				CLANG_WARN_DIRECT_OBJC_ISA_USAGE = YES_ERROR;
				CLANG_WARN_EMPTY_BODY = YES;
				CLANG_WARN_ENUM_CONVERSION = YES;
				CLANG_WARN_INT_CONVERSION = YES;
				CLANG_WARN_OBJC_ROOT_CLASS = YES_ERROR;
				CLANG_WARN_UNREACHABLE_CODE = YES;
				CLANG_WARN__DUPLICATE_METHOD_MATCH = YES;
				"CODE_SIGN_IDENTITY[sdk=iphoneos*]" = "iPhone Developer";
				COPY_PHASE_STRIP = NO;
				DEBUG_INFORMATION_FORMAT = dwarf;
				ENABLE_STRICT_OBJC_MSGSEND = YES;
				ENABLE_TESTABILITY = YES;
				GCC_C_LANGUAGE_STANDARD = gnu99;
				GCC_DYNAMIC_NO_PIC = NO;
				GCC_NO_COMMON_BLOCKS = YES;
				GCC_OPTIMIZATION_LEVEL = 0;
				GCC_PREPROCESSOR_DEFINITIONS = (
					"DEBUG=1",
					"$(inherited)",
				);
				GCC_WARN_64_TO_32_BIT_CONVERSION = YES;
				GCC_WARN_ABOUT_RETURN_TYPE = YES_ERROR;
				GCC_WARN_UNDECLARED_SELECTOR = YES;
				GCC_WARN_UNINITIALIZED_AUTOS = YES_AGGRESSIVE;
				GCC_WARN_UNUSED_FUNCTION = YES;
				GCC_WARN_UNUSED_VARIABLE = YES;
				IPHONEOS_DEPLOYMENT_TARGET = 9.2;
				MTL_ENABLE_DEBUG_INFO = YES;
				ONLY_ACTIVE_ARCH = YES;
				SDKROOT = iphoneos;
				SWIFT_OPTIMIZATION_LEVEL = "-Onone";
			};
			name = Debug;
		};
		3F3019A31C98902C003EFA70 /* Release */ = {
			isa = XCBuildConfiguration;
			buildSettings = {
				ALWAYS_SEARCH_USER_PATHS = NO;
				CLANG_CXX_LANGUAGE_STANDARD = "gnu++0x";
				CLANG_CXX_LIBRARY = "libc++";
				CLANG_ENABLE_MODULES = YES;
				CLANG_ENABLE_OBJC_ARC = YES;
				CLANG_WARN_BOOL_CONVERSION = YES;
				CLANG_WARN_CONSTANT_CONVERSION = YES;
				CLANG_WARN_DIRECT_OBJC_ISA_USAGE = YES_ERROR;
				CLANG_WARN_EMPTY_BODY = YES;
				CLANG_WARN_ENUM_CONVERSION = YES;
				CLANG_WARN_INT_CONVERSION = YES;
				CLANG_WARN_OBJC_ROOT_CLASS = YES_ERROR;
				CLANG_WARN_UNREACHABLE_CODE = YES;
				CLANG_WARN__DUPLICATE_METHOD_MATCH = YES;
				"CODE_SIGN_IDENTITY[sdk=iphoneos*]" = "iPhone Developer";
				COPY_PHASE_STRIP = NO;
				DEBUG_INFORMATION_FORMAT = "dwarf-with-dsym";
				ENABLE_NS_ASSERTIONS = NO;
				ENABLE_STRICT_OBJC_MSGSEND = YES;
				GCC_C_LANGUAGE_STANDARD = gnu99;
				GCC_NO_COMMON_BLOCKS = YES;
				GCC_WARN_64_TO_32_BIT_CONVERSION = YES;
				GCC_WARN_ABOUT_RETURN_TYPE = YES_ERROR;
				GCC_WARN_UNDECLARED_SELECTOR = YES;
				GCC_WARN_UNINITIALIZED_AUTOS = YES_AGGRESSIVE;
				GCC_WARN_UNUSED_FUNCTION = YES;
				GCC_WARN_UNUSED_VARIABLE = YES;
				IPHONEOS_DEPLOYMENT_TARGET = 9.2;
				MTL_ENABLE_DEBUG_INFO = NO;
				SDKROOT = iphoneos;
				VALIDATE_PRODUCT = YES;
			};
			name = Release;
		};
		3F3019A51C98902C003EFA70 /* Debug */ = {
			isa = XCBuildConfiguration;
			buildSettings = {
				ASSETCATALOG_COMPILER_APPICON_NAME = AppIcon;
				INFOPLIST_FILE = FirstiOSApp/Info.plist;
				LD_RUNPATH_SEARCH_PATHS = "$(inherited) @executable_path/Frameworks";
				PRODUCT_BUNDLE_IDENTIFIER = shion.FirstiOSApp;
				PRODUCT_NAME = "$(TARGET_NAME)";
			};
			name = Debug;
		};
		3F3019A61C98902C003EFA70 /* Release */ = {
			isa = XCBuildConfiguration;
			buildSettings = {
				ASSETCATALOG_COMPILER_APPICON_NAME = AppIcon;
				INFOPLIST_FILE = FirstiOSApp/Info.plist;
				LD_RUNPATH_SEARCH_PATHS = "$(inherited) @executable_path/Frameworks";
				PRODUCT_BUNDLE_IDENTIFIER = shion.FirstiOSApp;
				PRODUCT_NAME = "$(TARGET_NAME)";
			};
			name = Release;
		};
/* End XCBuildConfiguration section */

/* Begin XCConfigurationList section */
		3F30198D1C98902C003EFA70 /* Build configuration list for PBXProject "FirstiOSApp" */ = {
			isa = XCConfigurationList;
			buildConfigurations = (
				3F3019A21C98902C003EFA70 /* Debug */,
				3F3019A31C98902C003EFA70 /* Release */,
			);
			defaultConfigurationIsVisible = 0;
			defaultConfigurationName = Release;
		};
		3F3019A41C98902C003EFA70 /* Build configuration list for PBXNativeTarget "FirstiOSApp" */ = {
			isa = XCConfigurationList;
			buildConfigurations = (
				3F3019A51C98902C003EFA70 /* Debug */,
				3F3019A61C98902C003EFA70 /* Release */,
			);
			defaultConfigurationIsVisible = 0;
			defaultConfigurationName = Release;
		};
/* End XCConfigurationList section */
	};
	rootObject = 3F30198A1C98902C003EFA70 /* Project object */;
}
